// !$*UTF8*$!
{
	archiveVersion = 1;
	classes = {
	};
	objectVersion = 46;
	objects = {

/* Begin PBXBuildFile section */
		01F016D11F3F9B55006FC8D6 /* lexer.c in Sources */ = {isa = PBXBuildFile; fileRef = 01F016CD1F3F9B55006FC8D6 /* lexer.c */; };
		01F016D31F3F9B55006FC8D6 /* main.c in Sources */ = {isa = PBXBuildFile; fileRef = 01F016CF1F3F9B55006FC8D6 /* main.c */; };
		01F016D41F3F9B55006FC8D6 /* parser.c in Sources */ = {isa = PBXBuildFile; fileRef = 01F016D01F3F9B55006FC8D6 /* parser.c */; };
		01F016D81F3FBD7D006FC8D6 /* node.c in Sources */ = {isa = PBXBuildFile; fileRef = 01F016D71F3FBD7D006FC8D6 /* node.c */; };
		01F016DA1F3FBF63006FC8D6 /* context.c in Sources */ = {isa = PBXBuildFile; fileRef = 01F016D91F3FBF63006FC8D6 /* context.c */; };
		01F016DC1F3FC2D1006FC8D6 /* node_class.c in Sources */ = {isa = PBXBuildFile; fileRef = 01F016DB1F3FC2D1006FC8D6 /* node_class.c */; };
		01F016DE1F3FC2E2006FC8D6 /* node_stmt.c in Sources */ = {isa = PBXBuildFile; fileRef = 01F016DD1F3FC2E2006FC8D6 /* node_stmt.c */; };
		01F016E01F3FC2ED006FC8D6 /* node_exp.c in Sources */ = {isa = PBXBuildFile; fileRef = 01F016DF1F3FC2ED006FC8D6 /* node_exp.c */; };
		01F016E21F3FD32C006FC8D6 /* README.md in Sources */ = {isa = PBXBuildFile; fileRef = 01F016E11F3FD32C006FC8D6 /* README.md */; };
		01F016E41F3FD6A5006FC8D6 /* binary.c in Sources */ = {isa = PBXBuildFile; fileRef = 01F016E31F3FD6A5006FC8D6 /* binary.c */; };
		01F016E61F411BFE006FC8D6 /* vm.c in Sources */ = {isa = PBXBuildFile; fileRef = 01F016E51F411BFE006FC8D6 /* vm.c */; };
/* End PBXBuildFile section */

/* Begin PBXCopyFilesBuildPhase section */
		01F016B21F3F89F2006FC8D6 /* CopyFiles */ = {
			isa = PBXCopyFilesBuildPhase;
			buildActionMask = 2147483647;
			dstPath = /usr/share/man/man1/;
			dstSubfolderSpec = 0;
			files = (
			);
			runOnlyForDeploymentPostprocessing = 1;
		};
/* End PBXCopyFilesBuildPhase section */

/* Begin PBXFileReference section */
		01F016B41F3F89F2006FC8D6 /* hvm */ = {isa = PBXFileReference; explicitFileType = "compiled.mach-o.executable"; includeInIndex = 0; path = hvm; sourceTree = BUILT_PRODUCTS_DIR; };
		01F016CC1F3F9B21006FC8D6 /* hvm.h */ = {isa = PBXFileReference; lastKnownFileType = sourcecode.c.h; path = hvm.h; sourceTree = SOURCE_ROOT; };
		01F016CD1F3F9B55006FC8D6 /* lexer.c */ = {isa = PBXFileReference; fileEncoding = 4; lastKnownFileType = sourcecode.c.c; path = lexer.c; sourceTree = SOURCE_ROOT; };
		01F016CF1F3F9B55006FC8D6 /* main.c */ = {isa = PBXFileReference; fileEncoding = 4; lastKnownFileType = sourcecode.c.c; path = main.c; sourceTree = SOURCE_ROOT; };
		01F016D01F3F9B55006FC8D6 /* parser.c */ = {isa = PBXFileReference; fileEncoding = 4; lastKnownFileType = sourcecode.c.c; path = parser.c; sourceTree = SOURCE_ROOT; };
		01F016D71F3FBD7D006FC8D6 /* node.c */ = {isa = PBXFileReference; fileEncoding = 4; lastKnownFileType = sourcecode.c.c; path = node.c; sourceTree = SOURCE_ROOT; };
		01F016D91F3FBF63006FC8D6 /* context.c */ = {isa = PBXFileReference; fileEncoding = 4; lastKnownFileType = sourcecode.c.c; path = context.c; sourceTree = SOURCE_ROOT; };
		01F016DB1F3FC2D1006FC8D6 /* node_class.c */ = {isa = PBXFileReference; fileEncoding = 4; lastKnownFileType = sourcecode.c.c; path = node_class.c; sourceTree = SOURCE_ROOT; };
		01F016DD1F3FC2E2006FC8D6 /* node_stmt.c */ = {isa = PBXFileReference; fileEncoding = 4; lastKnownFileType = sourcecode.c.c; path = node_stmt.c; sourceTree = SOURCE_ROOT; };
		01F016DF1F3FC2ED006FC8D6 /* node_exp.c */ = {isa = PBXFileReference; fileEncoding = 4; lastKnownFileType = sourcecode.c.c; path = node_exp.c; sourceTree = SOURCE_ROOT; };
		01F016E11F3FD32C006FC8D6 /* README.md */ = {isa = PBXFileReference; fileEncoding = 4; lastKnownFileType = net.daringfireball.markdown; path = README.md; sourceTree = "<group>"; };
		01F016E31F3FD6A5006FC8D6 /* binary.c */ = {isa = PBXFileReference; fileEncoding = 4; lastKnownFileType = sourcecode.c.c; path = binary.c; sourceTree = SOURCE_ROOT; };
		01F016E51F411BFE006FC8D6 /* vm.c */ = {isa = PBXFileReference; fileEncoding = 4; lastKnownFileType = sourcecode.c.c; path = vm.c; sourceTree = SOURCE_ROOT; };
/* End PBXFileReference section */

/* Begin PBXFrameworksBuildPhase section */
		01F016B11F3F89F2006FC8D6 /* Frameworks */ = {
			isa = PBXFrameworksBuildPhase;
			buildActionMask = 2147483647;
			files = (
			);
			runOnlyForDeploymentPostprocessing = 0;
		};
/* End PBXFrameworksBuildPhase section */

/* Begin PBXGroup section */
		01F016AB1F3F89F2006FC8D6 = {
			isa = PBXGroup;
			children = (
				01F016E11F3FD32C006FC8D6 /* README.md */,
				01F016B61F3F89F2006FC8D6 /* src */,
				01F016B51F3F89F2006FC8D6 /* Products */,
			);
			sourceTree = "<group>";
		};
		01F016B51F3F89F2006FC8D6 /* Products */ = {
			isa = PBXGroup;
			children = (
				01F016B41F3F89F2006FC8D6 /* hvm */,
			);
			name = Products;
			sourceTree = "<group>";
		};
		01F016B61F3F89F2006FC8D6 /* src */ = {
			isa = PBXGroup;
			children = (
				01F016D91F3FBF63006FC8D6 /* context.c */,
				01F016CC1F3F9B21006FC8D6 /* hvm.h */,
				01F016CD1F3F9B55006FC8D6 /* lexer.c */,
				01F016CF1F3F9B55006FC8D6 /* main.c */,
				01F016DB1F3FC2D1006FC8D6 /* node_class.c */,
				01F016DF1F3FC2ED006FC8D6 /* node_exp.c */,
				01F016DD1F3FC2E2006FC8D6 /* node_stmt.c */,
				01F016D71F3FBD7D006FC8D6 /* node.c */,
				01F016D01F3F9B55006FC8D6 /* parser.c */,
				01F016E31F3FD6A5006FC8D6 /* binary.c */,
				01F016E51F411BFE006FC8D6 /* vm.c */,
			);
			name = src;
			path = hvm;
			sourceTree = "<group>";
		};
/* End PBXGroup section */

/* Begin PBXNativeTarget section */
		01F016B31F3F89F2006FC8D6 /* hvm */ = {
			isa = PBXNativeTarget;
			buildConfigurationList = 01F016BB1F3F89F2006FC8D6 /* Build configuration list for PBXNativeTarget "hvm" */;
			buildPhases = (
				01F016B01F3F89F2006FC8D6 /* Sources */,
				01F016B11F3F89F2006FC8D6 /* Frameworks */,
				01F016B21F3F89F2006FC8D6 /* CopyFiles */,
			);
			buildRules = (
			);
			dependencies = (
			);
			name = hvm;
			productName = hvm;
			productReference = 01F016B41F3F89F2006FC8D6 /* hvm */;
			productType = "com.apple.product-type.tool";
		};
/* End PBXNativeTarget section */

/* Begin PBXProject section */
		01F016AC1F3F89F2006FC8D6 /* Project object */ = {
			isa = PBXProject;
			attributes = {
				LastUpgradeCheck = 0830;
				ORGANIZATIONNAME = hvm;
				TargetAttributes = {
					01F016B31F3F89F2006FC8D6 = {
						CreatedOnToolsVersion = 8.3.3;
						DevelopmentTeam = NF8525TU2D;
						ProvisioningStyle = Automatic;
					};
				};
			};
			buildConfigurationList = 01F016AF1F3F89F2006FC8D6 /* Build configuration list for PBXProject "toy" */;
			compatibilityVersion = "Xcode 3.2";
			developmentRegion = English;
			hasScannedForEncodings = 0;
			knownRegions = (
				en,
			);
			mainGroup = 01F016AB1F3F89F2006FC8D6;
			productRefGroup = 01F016B51F3F89F2006FC8D6 /* Products */;
			projectDirPath = "";
			projectRoot = "";
			targets = (
				01F016B31F3F89F2006FC8D6 /* hvm */,
			);
		};
/* End PBXProject section */

/* Begin PBXSourcesBuildPhase section */
		01F016B01F3F89F2006FC8D6 /* Sources */ = {
			isa = PBXSourcesBuildPhase;
			buildActionMask = 2147483647;
			files = (
				01F016D11F3F9B55006FC8D6 /* lexer.c in Sources */,
				01F016DA1F3FBF63006FC8D6 /* context.c in Sources */,
				01F016E41F3FD6A5006FC8D6 /* binary.c in Sources */,
				01F016D81F3FBD7D006FC8D6 /* node.c in Sources */,
				01F016D41F3F9B55006FC8D6 /* parser.c in Sources */,
				01F016DC1F3FC2D1006FC8D6 /* node_class.c in Sources */,
				01F016E01F3FC2ED006FC8D6 /* node_exp.c in Sources */,
				01F016E21F3FD32C006FC8D6 /* README.md in Sources */,
				01F016E61F411BFE006FC8D6 /* vm.c in Sources */,
				01F016DE1F3FC2E2006FC8D6 /* node_stmt.c in Sources */,
				01F016D31F3F9B55006FC8D6 /* main.c in Sources */,
			);
			runOnlyForDeploymentPostprocessing = 0;
		};
/* End PBXSourcesBuildPhase section */

/* Begin XCBuildConfiguration section */
		01F016B91F3F89F2006FC8D6 /* Debug */ = {
			isa = XCBuildConfiguration;
			buildSettings = {
				ALWAYS_SEARCH_USER_PATHS = NO;
				CLANG_ANALYZER_NUMBER_OBJECT_CONVERSION = YES_AGGRESSIVE;
				CLANG_CXX_LANGUAGE_STANDARD = "gnu++0x";
				CLANG_CXX_LIBRARY = "libc++";
				CLANG_ENABLE_MODULES = YES;
				CLANG_ENABLE_OBJC_ARC = YES;
				CLANG_WARN_BOOL_CONVERSION = YES;
				CLANG_WARN_CONSTANT_CONVERSION = YES;
				CLANG_WARN_DIRECT_OBJC_ISA_USAGE = YES_ERROR;
				CLANG_WARN_DOCUMENTATION_COMMENTS = YES;
				CLANG_WARN_EMPTY_BODY = YES;
				CLANG_WARN_ENUM_CONVERSION = YES;
				CLANG_WARN_INFINITE_RECURSION = YES;
				CLANG_WARN_INT_CONVERSION = YES;
				CLANG_WARN_OBJC_ROOT_CLASS = YES_ERROR;
				CLANG_WARN_SUSPICIOUS_MOVE = YES;
				CLANG_WARN_UNREACHABLE_CODE = YES;
				CLANG_WARN__DUPLICATE_METHOD_MATCH = YES;
				CODE_SIGN_IDENTITY = "-";
				COPY_PHASE_STRIP = NO;
				DEBUG_INFORMATION_FORMAT = dwarf;
				ENABLE_STRICT_OBJC_MSGSEND = YES;
				ENABLE_TESTABILITY = YES;
				GCC_C_LANGUAGE_STANDARD = gnu99;
				GCC_DYNAMIC_NO_PIC = NO;
				GCC_NO_COMMON_BLOCKS = YES;
				GCC_OPTIMIZATION_LEVEL = 0;
				GCC_PREPROCESSOR_DEFINITIONS = (
					"DEBUG=1",
					"$(inherited)",
				);
				GCC_WARN_64_TO_32_BIT_CONVERSION = YES;
				GCC_WARN_ABOUT_RETURN_TYPE = YES_ERROR;
				GCC_WARN_UNDECLARED_SELECTOR = YES;
				GCC_WARN_UNINITIALIZED_AUTOS = YES_AGGRESSIVE;
				GCC_WARN_UNUSED_FUNCTION = YES;
				GCC_WARN_UNUSED_VARIABLE = YES;
				MACOSX_DEPLOYMENT_TARGET = 10.12;
				MTL_ENABLE_DEBUG_INFO = YES;
				ONLY_ACTIVE_ARCH = YES;
				SDKROOT = macosx;
			};
			name = Debug;
		};
		01F016BA1F3F89F2006FC8D6 /* Release */ = {
			isa = XCBuildConfiguration;
			buildSettings = {
				ALWAYS_SEARCH_USER_PATHS = NO;
				CLANG_ANALYZER_NUMBER_OBJECT_CONVERSION = YES_AGGRESSIVE;
				CLANG_CXX_LANGUAGE_STANDARD = "gnu++0x";
				CLANG_CXX_LIBRARY = "libc++";
				CLANG_ENABLE_MODULES = YES;
				CLANG_ENABLE_OBJC_ARC = YES;
				CLANG_WARN_BOOL_CONVERSION = YES;
				CLANG_WARN_CONSTANT_CONVERSION = YES;
				CLANG_WARN_DIRECT_OBJC_ISA_USAGE = YES_ERROR;
				CLANG_WARN_DOCUMENTATION_COMMENTS = YES;
				CLANG_WARN_EMPTY_BODY = YES;
				CLANG_WARN_ENUM_CONVERSION = YES;
				CLANG_WARN_INFINITE_RECURSION = YES;
				CLANG_WARN_INT_CONVERSION = YES;
				CLANG_WARN_OBJC_ROOT_CLASS = YES_ERROR;
				CLANG_WARN_SUSPICIOUS_MOVE = YES;
				CLANG_WARN_UNREACHABLE_CODE = YES;
				CLANG_WARN__DUPLICATE_METHOD_MATCH = YES;
				CODE_SIGN_IDENTITY = "-";
				COPY_PHASE_STRIP = NO;
				DEBUG_INFORMATION_FORMAT = "dwarf-with-dsym";
				ENABLE_NS_ASSERTIONS = NO;
				ENABLE_STRICT_OBJC_MSGSEND = YES;
				GCC_C_LANGUAGE_STANDARD = gnu99;
				GCC_NO_COMMON_BLOCKS = YES;
				GCC_WARN_64_TO_32_BIT_CONVERSION = YES;
				GCC_WARN_ABOUT_RETURN_TYPE = YES_ERROR;
				GCC_WARN_UNDECLARED_SELECTOR = YES;
				GCC_WARN_UNINITIALIZED_AUTOS = YES_AGGRESSIVE;
				GCC_WARN_UNUSED_FUNCTION = YES;
				GCC_WARN_UNUSED_VARIABLE = YES;
				MACOSX_DEPLOYMENT_TARGET = 10.12;
				MTL_ENABLE_DEBUG_INFO = NO;
				SDKROOT = macosx;
			};
			name = Release;
		};
		01F016BC1F3F89F2006FC8D6 /* Debug */ = {
			isa = XCBuildConfiguration;
			buildSettings = {
				DEVELOPMENT_TEAM = NF8525TU2D;
				PRODUCT_NAME = "$(TARGET_NAME)";
			};
			name = Debug;
		};
		01F016BD1F3F89F2006FC8D6 /* Release */ = {
			isa = XCBuildConfiguration;
			buildSettings = {
				DEVELOPMENT_TEAM = NF8525TU2D;
				PRODUCT_NAME = "$(TARGET_NAME)";
			};
			name = Release;
		};
/* End XCBuildConfiguration section */

/* Begin XCConfigurationList section */
		01F016AF1F3F89F2006FC8D6 /* Build configuration list for PBXProject "toy" */ = {
			isa = XCConfigurationList;
			buildConfigurations = (
				01F016B91F3F89F2006FC8D6 /* Debug */,
				01F016BA1F3F89F2006FC8D6 /* Release */,
			);
			defaultConfigurationIsVisible = 0;
			defaultConfigurationName = Release;
		};
		01F016BB1F3F89F2006FC8D6 /* Build configuration list for PBXNativeTarget "hvm" */ = {
			isa = XCConfigurationList;
			buildConfigurations = (
				01F016BC1F3F89F2006FC8D6 /* Debug */,
				01F016BD1F3F89F2006FC8D6 /* Release */,
			);
			defaultConfigurationIsVisible = 0;
			defaultConfigurationName = Release;
		};
/* End XCConfigurationList section */
	};
	rootObject = 01F016AC1F3F89F2006FC8D6 /* Project object */;
}
